
Microsoft Visual Studio Solution File, Format Version 12.00
# Visual Studio 15
VisualStudioVersion = 15.0.28010.2046
MinimumVisualStudioVersion = 10.0.40219.1
Project("{FAE04EC0-301F-11D3-BF4B-00C04F79EFBC}") = "Task1", "Task1\Task1.csproj", "{7AB38778-8E29-41A7-AB79-3A6EDEC7DDF4}"
EndProject
Project("{FAE04EC0-301F-11D3-BF4B-00C04F79EFBC}") = "Task2", "Task2\Task2.csproj", "{1F707D8B-61E9-45D6-9A78-0B1F533C499B}"
EndProject
Project("{FAE04EC0-301F-11D3-BF4B-00C04F79EFBC}") = "Task3", "Task3\Task3.csproj", "{B65F06BA-EBD0-4107-9FA5-7E26C57EDD04}"
EndProject
Project("{FAE04EC0-301F-11D3-BF4B-00C04F79EFBC}") = "Task4", "Task4\Task4.csproj", "{A81D747A-285C-4D4C-AE66-A419310D217F}"
EndProject
Project("{FAE04EC0-301F-11D3-BF4B-00C04F79EFBC}") = "Task5", "Task5\Task5.csproj", "{D353F7C6-A4C1-4787-9692-10620538CACB}"
EndProject
Project("{FAE04EC0-301F-11D3-BF4B-00C04F79EFBC}") = "Task6", "Task6\Task6.csproj", "{1C77B37A-767F-438D-9DF1-FAF2A11EE3B9}"
EndProject
Project("{FAE04EC0-301F-11D3-BF4B-00C04F79EFBC}") = "Task7", "Task7\Task7.csproj", "{0EF20F98-EE7D-4607-83A7-B9056443B683}"
EndProject
Project("{FAE04EC0-301F-11D3-BF4B-00C04F79EFBC}") = "Task8", "Task8\Task8.csproj", "{097B049C-95EB-4685-84EA-5CC4C96147CE}"
EndProject
Project("{FAE04EC0-301F-11D3-BF4B-00C04F79EFBC}") = "Task9", "Task9\Task9.csproj", "{D49BC8F3-6BC1-439C-911E-24F9E6A152E7}"
EndProject
Project("{FAE04EC0-301F-11D3-BF4B-00C04F79EFBC}") = "Task10", "Task10\Task10.csproj", "{A670DB5A-F35F-45BE-B483-9E7B2487520C}"
EndProject
Project("{FAE04EC0-301F-11D3-BF4B-00C04F79EFBC}") = "Task11", "Task11\Task11.csproj", "{96503F63-036A-4463-A102-F17AE42B83F3}"
EndProject
Project("{FAE04EC0-301F-11D3-BF4B-00C04F79EFBC}") = "Task12", "Task12\Task12.csproj", "{3C9109D9-FDF5-4992-833F-8824BD80C695}"
EndProject
Project("{FAE04EC0-301F-11D3-BF4B-00C04F79EFBC}") = "Task13", "Task13\Task13.csproj", "{C23F59B0-B335-4E17-8994-733143CA1FD0}"
EndProject
Global
	GlobalSection(SolutionConfigurationPlatforms) = preSolution
		Debug|Any CPU = Debug|Any CPU
		Release|Any CPU = Release|Any CPU
	EndGlobalSection
	GlobalSection(ProjectConfigurationPlatforms) = postSolution
		{7AB38778-8E29-41A7-AB79-3A6EDEC7DDF4}.Debug|Any CPU.ActiveCfg = Debug|Any CPU
		{7AB38778-8E29-41A7-AB79-3A6EDEC7DDF4}.Debug|Any CPU.Build.0 = Debug|Any CPU
		{7AB38778-8E29-41A7-AB79-3A6EDEC7DDF4}.Release|Any CPU.ActiveCfg = Release|Any CPU
		{7AB38778-8E29-41A7-AB79-3A6EDEC7DDF4}.Release|Any CPU.Build.0 = Release|Any CPU
		{1F707D8B-61E9-45D6-9A78-0B1F533C499B}.Debug|Any CPU.ActiveCfg = Debug|Any CPU
		{1F707D8B-61E9-45D6-9A78-0B1F533C499B}.Debug|Any CPU.Build.0 = Debug|Any CPU
		{1F707D8B-61E9-45D6-9A78-0B1F533C499B}.Release|Any CPU.ActiveCfg = Release|Any CPU
		{1F707D8B-61E9-45D6-9A78-0B1F533C499B}.Release|Any CPU.Build.0 = Release|Any CPU
		{B65F06BA-EBD0-4107-9FA5-7E26C57EDD04}.Debug|Any CPU.ActiveCfg = Debug|Any CPU
		{B65F06BA-EBD0-4107-9FA5-7E26C57EDD04}.Debug|Any CPU.Build.0 = Debug|Any CPU
		{B65F06BA-EBD0-4107-9FA5-7E26C57EDD04}.Release|Any CPU.ActiveCfg = Release|Any CPU
		{B65F06BA-EBD0-4107-9FA5-7E26C57EDD04}.Release|Any CPU.Build.0 = Release|Any CPU
		{A81D747A-285C-4D4C-AE66-A419310D217F}.Debug|Any CPU.ActiveCfg = Debug|Any CPU
		{A81D747A-285C-4D4C-AE66-A419310D217F}.Debug|Any CPU.Build.0 = Debug|Any CPU
		{A81D747A-285C-4D4C-AE66-A419310D217F}.Release|Any CPU.ActiveCfg = Release|Any CPU
		{A81D747A-285C-4D4C-AE66-A419310D217F}.Release|Any CPU.Build.0 = Release|Any CPU
		{D353F7C6-A4C1-4787-9692-10620538CACB}.Debug|Any CPU.ActiveCfg = Debug|Any CPU
		{D353F7C6-A4C1-4787-9692-10620538CACB}.Debug|Any CPU.Build.0 = Debug|Any CPU
		{D353F7C6-A4C1-4787-9692-10620538CACB}.Release|Any CPU.ActiveCfg = Release|Any CPU
		{D353F7C6-A4C1-4787-9692-10620538CACB}.Release|Any CPU.Build.0 = Release|Any CPU
		{1C77B37A-767F-438D-9DF1-FAF2A11EE3B9}.Debug|Any CPU.ActiveCfg = Debug|Any CPU
		{1C77B37A-767F-438D-9DF1-FAF2A11EE3B9}.Debug|Any CPU.Build.0 = Debug|Any CPU
		{1C77B37A-767F-438D-9DF1-FAF2A11EE3B9}.Release|Any CPU.ActiveCfg = Release|Any CPU
		{1C77B37A-767F-438D-9DF1-FAF2A11EE3B9}.Release|Any CPU.Build.0 = Release|Any CPU
		{0EF20F98-EE7D-4607-83A7-B9056443B683}.Debug|Any CPU.ActiveCfg = Debug|Any CPU
		{0EF20F98-EE7D-4607-83A7-B9056443B683}.Debug|Any CPU.Build.0 = Debug|Any CPU
		{0EF20F98-EE7D-4607-83A7-B9056443B683}.Release|Any CPU.ActiveCfg = Release|Any CPU
		{0EF20F98-EE7D-4607-83A7-B9056443B683}.Release|Any CPU.Build.0 = Release|Any CPU
		{097B049C-95EB-4685-84EA-5CC4C96147CE}.Debug|Any CPU.ActiveCfg = Debug|Any CPU
		{097B049C-95EB-4685-84EA-5CC4C96147CE}.Debug|Any CPU.Build.0 = Debug|Any CPU
		{097B049C-95EB-4685-84EA-5CC4C96147CE}.Release|Any CPU.ActiveCfg = Release|Any CPU
		{097B049C-95EB-4685-84EA-5CC4C96147CE}.Release|Any CPU.Build.0 = Release|Any CPU
		{D49BC8F3-6BC1-439C-911E-24F9E6A152E7}.Debug|Any CPU.ActiveCfg = Debug|Any CPU
		{D49BC8F3-6BC1-439C-911E-24F9E6A152E7}.Debug|Any CPU.Build.0 = Debug|Any CPU
		{D49BC8F3-6BC1-439C-911E-24F9E6A152E7}.Release|Any CPU.ActiveCfg = Release|Any CPU
		{D49BC8F3-6BC1-439C-911E-24F9E6A152E7}.Release|Any CPU.Build.0 = Release|Any CPU
		{A670DB5A-F35F-45BE-B483-9E7B2487520C}.Debug|Any CPU.ActiveCfg = Debug|Any CPU
		{A670DB5A-F35F-45BE-B483-9E7B2487520C}.Debug|Any CPU.Build.0 = Debug|Any CPU
		{A670DB5A-F35F-45BE-B483-9E7B2487520C}.Release|Any CPU.ActiveCfg = Release|Any CPU
		{A670DB5A-F35F-45BE-B483-9E7B2487520C}.Release|Any CPU.Build.0 = Release|Any CPU
		{96503F63-036A-4463-A102-F17AE42B83F3}.Debug|Any CPU.ActiveCfg = Debug|Any CPU
		{96503F63-036A-4463-A102-F17AE42B83F3}.Debug|Any CPU.Build.0 = Debug|Any CPU
		{96503F63-036A-4463-A102-F17AE42B83F3}.Release|Any CPU.ActiveCfg = Release|Any CPU
		{96503F63-036A-4463-A102-F17AE42B83F3}.Release|Any CPU.Build.0 = Release|Any CPU
		{3C9109D9-FDF5-4992-833F-8824BD80C695}.Debug|Any CPU.ActiveCfg = Debug|Any CPU
		{3C9109D9-FDF5-4992-833F-8824BD80C695}.Debug|Any CPU.Build.0 = Debug|Any CPU
		{3C9109D9-FDF5-4992-833F-8824BD80C695}.Release|Any CPU.ActiveCfg = Release|Any CPU
		{3C9109D9-FDF5-4992-833F-8824BD80C695}.Release|Any CPU.Build.0 = Release|Any CPU
		{C23F59B0-B335-4E17-8994-733143CA1FD0}.Debug|Any CPU.ActiveCfg = Debug|Any CPU
		{C23F59B0-B335-4E17-8994-733143CA1FD0}.Debug|Any CPU.Build.0 = Debug|Any CPU
		{C23F59B0-B335-4E17-8994-733143CA1FD0}.Release|Any CPU.ActiveCfg = Release|Any CPU
		{C23F59B0-B335-4E17-8994-733143CA1FD0}.Release|Any CPU.Build.0 = Release|Any CPU
	EndGlobalSection
	GlobalSection(SolutionProperties) = preSolution
		HideSolutionNode = FALSE
	EndGlobalSection
	GlobalSection(ExtensibilityGlobals) = postSolution
		SolutionGuid = {FAD5A9A1-DF18-4054-9E78-5C23D57714FE}
	EndGlobalSection
EndGlobal
